
Microsoft Visual Studio Solution File, Format Version 12.00
# Visual Studio 15
VisualStudioVersion = 15.0.26730.16
MinimumVisualStudioVersion = 10.0.40219.1
Project("{2150E333-8FDC-42A3-9474-1A3956D46DE8}") = "Engine", "Engine", "{BE26B0C2-06A1-4212-80E5-8A68AAEA2163}"
EndProject
Project("{2150E333-8FDC-42A3-9474-1A3956D46DE8}") = "Games", "Games", "{26325115-4509-4FE2-A0C0-758B36649D7F}"
EndProject
Project("{8BC9CEB8-8B4A-11D0-8D11-00A0C91BC942}") = "UE4", "Intermediate\ProjectFiles\UE4.vcxproj", "{985D64CF-7DA7-4255-86F2-4B18474FD421}"
EndProject
Project("{8BC9CEB8-8B4A-11D0-8D11-00A0C91BC942}") = "BuildingEscape", "Intermediate\ProjectFiles\BuildingEscape.vcxproj", "{3B8AC7EA-CA84-41BC-9704-1E22BE588856}"
EndProject
Global
	GlobalSection(SolutionConfigurationPlatforms) = preSolution
		DebugGame Editor|HTML5 = DebugGame Editor|HTML5
		DebugGame Editor|Win32 = DebugGame Editor|Win32
		DebugGame Editor|Win64 = DebugGame Editor|Win64
		DebugGame|HTML5 = DebugGame|HTML5
		DebugGame|Win32 = DebugGame|Win32
		DebugGame|Win64 = DebugGame|Win64
		Development Editor|HTML5 = Development Editor|HTML5
		Development Editor|Win32 = Development Editor|Win32
		Development Editor|Win64 = Development Editor|Win64
		Development|HTML5 = Development|HTML5
		Development|Win32 = Development|Win32
		Development|Win64 = Development|Win64
		Shipping|HTML5 = Shipping|HTML5
		Shipping|Win32 = Shipping|Win32
		Shipping|Win64 = Shipping|Win64
	EndGlobalSection
	GlobalSection(ProjectConfigurationPlatforms) = postSolution
		{985D64CF-7DA7-4255-86F2-4B18474FD421}.DebugGame Editor|HTML5.ActiveCfg = BuiltWithUnrealBuildTool|Win32
		{985D64CF-7DA7-4255-86F2-4B18474FD421}.DebugGame Editor|HTML5.Build.0 = BuiltWithUnrealBuildTool|Win32
		{985D64CF-7DA7-4255-86F2-4B18474FD421}.DebugGame Editor|Win32.ActiveCfg = BuiltWithUnrealBuildTool|Win32
		{985D64CF-7DA7-4255-86F2-4B18474FD421}.DebugGame Editor|Win32.Build.0 = BuiltWithUnrealBuildTool|Win32
		{985D64CF-7DA7-4255-86F2-4B18474FD421}.DebugGame Editor|Win64.ActiveCfg = BuiltWithUnrealBuildTool|Win32
		{985D64CF-7DA7-4255-86F2-4B18474FD421}.DebugGame Editor|Win64.Build.0 = BuiltWithUnrealBuildTool|Win32
		{985D64CF-7DA7-4255-86F2-4B18474FD421}.DebugGame|HTML5.ActiveCfg = BuiltWithUnrealBuildTool|Win32
		{985D64CF-7DA7-4255-86F2-4B18474FD421}.DebugGame|HTML5.Build.0 = BuiltWithUnrealBuildTool|Win32
		{985D64CF-7DA7-4255-86F2-4B18474FD421}.DebugGame|Win32.ActiveCfg = BuiltWithUnrealBuildTool|Win32
		{985D64CF-7DA7-4255-86F2-4B18474FD421}.DebugGame|Win32.Build.0 = BuiltWithUnrealBuildTool|Win32
		{985D64CF-7DA7-4255-86F2-4B18474FD421}.DebugGame|Win64.ActiveCfg = BuiltWithUnrealBuildTool|Win32
		{985D64CF-7DA7-4255-86F2-4B18474FD421}.DebugGame|Win64.Build.0 = BuiltWithUnrealBuildTool|Win32
		{985D64CF-7DA7-4255-86F2-4B18474FD421}.Development Editor|HTML5.ActiveCfg = BuiltWithUnrealBuildTool|Win32
		{985D64CF-7DA7-4255-86F2-4B18474FD421}.Development Editor|HTML5.Build.0 = BuiltWithUnrealBuildTool|Win32
		{985D64CF-7DA7-4255-86F2-4B18474FD421}.Development Editor|Win32.ActiveCfg = BuiltWithUnrealBuildTool|Win32
		{985D64CF-7DA7-4255-86F2-4B18474FD421}.Development Editor|Win32.Build.0 = BuiltWithUnrealBuildTool|Win32
		{985D64CF-7DA7-4255-86F2-4B18474FD421}.Development Editor|Win64.ActiveCfg = BuiltWithUnrealBuildTool|Win32
		{985D64CF-7DA7-4255-86F2-4B18474FD421}.Development Editor|Win64.Build.0 = BuiltWithUnrealBuildTool|Win32
		{985D64CF-7DA7-4255-86F2-4B18474FD421}.Development|HTML5.ActiveCfg = BuiltWithUnrealBuildTool|Win32
		{985D64CF-7DA7-4255-86F2-4B18474FD421}.Development|HTML5.Build.0 = BuiltWithUnrealBuildTool|Win32
		{985D64CF-7DA7-4255-86F2-4B18474FD421}.Development|Win32.ActiveCfg = BuiltWithUnrealBuildTool|Win32
		{985D64CF-7DA7-4255-86F2-4B18474FD421}.Development|Win32.Build.0 = BuiltWithUnrealBuildTool|Win32
		{985D64CF-7DA7-4255-86F2-4B18474FD421}.Development|Win64.ActiveCfg = BuiltWithUnrealBuildTool|Win32
		{985D64CF-7DA7-4255-86F2-4B18474FD421}.Development|Win64.Build.0 = BuiltWithUnrealBuildTool|Win32
		{985D64CF-7DA7-4255-86F2-4B18474FD421}.Shipping|HTML5.ActiveCfg = BuiltWithUnrealBuildTool|Win32
		{985D64CF-7DA7-4255-86F2-4B18474FD421}.Shipping|HTML5.Build.0 = BuiltWithUnrealBuildTool|Win32
		{985D64CF-7DA7-4255-86F2-4B18474FD421}.Shipping|Win32.ActiveCfg = BuiltWithUnrealBuildTool|Win32
		{985D64CF-7DA7-4255-86F2-4B18474FD421}.Shipping|Win32.Build.0 = BuiltWithUnrealBuildTool|Win32
		{985D64CF-7DA7-4255-86F2-4B18474FD421}.Shipping|Win64.ActiveCfg = BuiltWithUnrealBuildTool|Win32
		{985D64CF-7DA7-4255-86F2-4B18474FD421}.Shipping|Win64.Build.0 = BuiltWithUnrealBuildTool|Win32
		{3B8AC7EA-CA84-41BC-9704-1E22BE588856}.DebugGame Editor|HTML5.ActiveCfg = HTML5_DebugGame_Editor|Win32
		{3B8AC7EA-CA84-41BC-9704-1E22BE588856}.DebugGame Editor|Win32.ActiveCfg = DebugGame_Editor|Win32
		{3B8AC7EA-CA84-41BC-9704-1E22BE588856}.DebugGame Editor|Win64.ActiveCfg = DebugGame_Editor|x64
		{3B8AC7EA-CA84-41BC-9704-1E22BE588856}.DebugGame Editor|Win64.Build.0 = DebugGame_Editor|x64
		{3B8AC7EA-CA84-41BC-9704-1E22BE588856}.DebugGame|HTML5.ActiveCfg = HTML5_DebugGame_Game|Win32
		{3B8AC7EA-CA84-41BC-9704-1E22BE588856}.DebugGame|HTML5.Build.0 = HTML5_DebugGame_Game|Win32
		{3B8AC7EA-CA84-41BC-9704-1E22BE588856}.DebugGame|Win32.ActiveCfg = DebugGame_Game|Win32
		{3B8AC7EA-CA84-41BC-9704-1E22BE588856}.DebugGame|Win32.Build.0 = DebugGame_Game|Win32
		{3B8AC7EA-CA84-41BC-9704-1E22BE588856}.DebugGame|Win64.ActiveCfg = DebugGame_Game|x64
		{3B8AC7EA-CA84-41BC-9704-1E22BE588856}.DebugGame|Win64.Build.0 = DebugGame_Game|x64
		{3B8AC7EA-CA84-41BC-9704-1E22BE588856}.Development Editor|HTML5.ActiveCfg = HTML5_Development_Editor|Win32
		{3B8AC7EA-CA84-41BC-9704-1E22BE588856}.Development Editor|Win32.ActiveCfg = Development_Editor|Win32
		{3B8AC7EA-CA84-41BC-9704-1E22BE588856}.Development Editor|Win64.ActiveCfg = Development_Editor|x64
		{3B8AC7EA-CA84-41BC-9704-1E22BE588856}.Development Editor|Win64.Build.0 = Development_Editor|x64
		{3B8AC7EA-CA84-41BC-9704-1E22BE588856}.Development|HTML5.ActiveCfg = HTML5_Development_Game|Win32
		{3B8AC7EA-CA84-41BC-9704-1E22BE588856}.Development|HTML5.Build.0 = HTML5_Development_Game|Win32
		{3B8AC7EA-CA84-41BC-9704-1E22BE588856}.Development|Win32.ActiveCfg = Development_Game|Win32
		{3B8AC7EA-CA84-41BC-9704-1E22BE588856}.Development|Win32.Build.0 = Development_Game|Win32
		{3B8AC7EA-CA84-41BC-9704-1E22BE588856}.Development|Win64.ActiveCfg = Development_Game|x64
		{3B8AC7EA-CA84-41BC-9704-1E22BE588856}.Development|Win64.Build.0 = Development_Game|x64
		{3B8AC7EA-CA84-41BC-9704-1E22BE588856}.Shipping|HTML5.ActiveCfg = HTML5_Shipping_Game|Win32
		{3B8AC7EA-CA84-41BC-9704-1E22BE588856}.Shipping|HTML5.Build.0 = HTML5_Shipping_Game|Win32
		{3B8AC7EA-CA84-41BC-9704-1E22BE588856}.Shipping|Win32.ActiveCfg = Shipping_Game|Win32
		{3B8AC7EA-CA84-41BC-9704-1E22BE588856}.Shipping|Win32.Build.0 = Shipping_Game|Win32
		{3B8AC7EA-CA84-41BC-9704-1E22BE588856}.Shipping|Win64.ActiveCfg = Shipping_Game|x64
		{3B8AC7EA-CA84-41BC-9704-1E22BE588856}.Shipping|Win64.Build.0 = Shipping_Game|x64
	EndGlobalSection
	GlobalSection(SolutionProperties) = preSolution
		HideSolutionNode = FALSE
	EndGlobalSection
	GlobalSection(NestedProjects) = preSolution
		{985D64CF-7DA7-4255-86F2-4B18474FD421} = {BE26B0C2-06A1-4212-80E5-8A68AAEA2163}
		{3B8AC7EA-CA84-41BC-9704-1E22BE588856} = {26325115-4509-4FE2-A0C0-758B36649D7F}
	EndGlobalSection
	GlobalSection(ExtensibilityGlobals) = postSolution
		SolutionGuid = {09EB9DC7-49F5-4323-97CD-541E03DF1BB1}
	EndGlobalSection
EndGlobal
